<?xml version="1.0" encoding="utf-8"?>
<Project ToolsVersion="4.0" xmlns="http://schemas.microsoft.com/developer/msbuild/2003">
  <ItemGroup>
    <Filter Include="源文件">
      <UniqueIdentifier>{4FC737F1-C7A5-4376-A066-2A32D752A2FF}</UniqueIdentifier>
      <Extensions>cpp;c;cc;cxx;c++;cppm;ixx;def;odl;idl;hpj;bat;asm;asmx</Extensions>
    </Filter>
    <Filter Include="头文件">
      <UniqueIdentifier>{93995380-89BD-4b04-88EB-625FBE52EBFB}</UniqueIdentifier>
      <Extensions>h;hh;hpp;hxx;h++;hm;inl;inc;ipp;xsd</Extensions>
    </Filter>
    <Filter Include="资源文件">
      <UniqueIdentifier>{67DA6AB6-F800-4c08-8B7A-83BB121AAD01}</UniqueIdentifier>
      <Extensions>rc;ico;cur;bmp;dlg;rc2;rct;bin;rgs;gif;jpg;jpeg;jpe;resx;tiff;tif;png;wav;mfcribbon-ms</Extensions>
    </Filter>
  </ItemGroup>
  <ItemGroup>
    <ClCompile Include="src\01线程池基本使用.cpp">
      <Filter>源文件</Filter>
    </ClCompile>
    <ClCompile Include="src\02同步并发回声服务端.cpp">
      <Filter>源文件</Filter>
    </ClCompile>
    <ClCompile Include="src\03同步客户端.cpp">
      <Filter>源文件</Filter>
    </ClCompile>
    <ClCompile Include="src\04异步服务端.cpp">
      <Filter>源文件</Filter>
    </ClCompile>
    <ClCompile Include="src\05异步客户端.cpp">
      <Filter>源文件</Filter>
    </ClCompile>
    <ClCompile Include="src\06信号量.cpp">
      <Filter>源文件</Filter>
    </ClCompile>
    <ClCompile Include="src\07端口设置与读写.cpp">
      <Filter>源文件</Filter>
    </ClCompile>
    <ClCompile Include="src\08连接Windows文件.cpp">
      <Filter>源文件</Filter>
    </ClCompile>
    <ClCompile Include="src\09连接Linux文件.cpp">
      <Filter>源文件</Filter>
    </ClCompile>
    <ClCompile Include="src\10计时器.cpp">
      <Filter>源文件</Filter>
    </ClCompile>
    <ClCompile Include="src\11io_service类_一个实例一个线程.cpp">
      <Filter>源文件</Filter>
    </ClCompile>
    <ClCompile Include="src\12io_service类_一个实例和多个线程处理.cpp">
      <Filter>源文件</Filter>
    </ClCompile>
    <ClCompile Include="src\13io_service类_多个实例和多个线程处理.cpp">
      <Filter>源文件</Filter>
    </ClCompile>
    <ClCompile Include="src\14连接到主机.cpp">
      <Filter>源文件</Filter>
    </ClCompile>
    <ClCompile Include="src\15udp异步读写服务端.cpp">
      <Filter>源文件</Filter>
    </ClCompile>
    <ClCompile Include="src\16udp同步读写客户端.cpp">
      <Filter>源文件</Filter>
    </ClCompile>
    <ClCompile Include="src\17使用Win的文件句柄异步读取.cpp">
      <Filter>源文件</Filter>
    </ClCompile>
    <ClCompile Include="src\18async_read_until使用.cpp">
      <Filter>源文件</Filter>
    </ClCompile>
    <ClCompile Include="src\19读取写入的_at方法.cpp">
      <Filter>源文件</Filter>
    </ClCompile>
    <ClCompile Include="src\20异步工作.cpp">
      <Filter>源文件</Filter>
    </ClCompile>
    <ClCompile Include="src\21保证顺序的异步工作.cpp">
      <Filter>源文件</Filter>
    </ClCompile>
    <ClCompile Include="src\22异步post()VSdispatch().cpp">
      <Filter>源文件</Filter>
    </ClCompile>
    <ClCompile Include="src\23异步wrap().cpp">
      <Filter>源文件</Filter>
    </ClCompile>
  </ItemGroup>
</Project>